
Microsoft Visual Studio Solution File, Format Version 12.00
# Visual Studio Version 17
VisualStudioVersion = 17.7.34221.43
MinimumVisualStudioVersion = 10.0.40219.1
Project("{FAE04EC0-301F-11D3-BF4B-00C04F79EFBC}") = "FractalGenerator", "FractalGenerator.csproj", "{0D5B5551-DE1F-469E-9321-7E0DE22A75C5}"
EndProject
Global
	GlobalSection(SolutionConfigurationPlatforms) = preSolution
		Debug|Any CPU = Debug|Any CPU
		Release|Any CPU = Release|Any CPU
	EndGlobalSection
	GlobalSection(ProjectConfigurationPlatforms) = postSolution
		{0D5B5551-DE1F-469E-9321-7E0DE22A75C5}.Debug|Any CPU.ActiveCfg = Debug|Any CPU
		{0D5B5551-DE1F-469E-9321-7E0DE22A75C5}.Debug|Any CPU.Build.0 = Debug|Any CPU
		{0D5B5551-DE1F-469E-9321-7E0DE22A75C5}.Release|Any CPU.ActiveCfg = Release|Any CPU
		{0D5B5551-DE1F-469E-9321-7E0DE22A75C5}.Release|Any CPU.Build.0 = Release|Any CPU
	EndGlobalSection
	GlobalSection(SolutionProperties) = preSolution
		HideSolutionNode = FALSE
	EndGlobalSection
	GlobalSection(ExtensibilityGlobals) = postSolution
		SolutionGuid = {13B15F72-309E-4635-8D7B-F027D005C98D}
	EndGlobalSection
EndGlobal
